// !$*UTF8*$!
{
	archiveVersion = 1;
	classes = {
	};
	objectVersion = 51;
	objects = {

/* Begin PBXBuildFile section */
		8EB8610C8E5468E39CDE8CE9 /* Pods_DOITTaskManager.framework in Frameworks */ = {isa = PBXBuildFile; fileRef = 12CCCBB82AAD22789F36D515 /* Pods_DOITTaskManager.framework */; };
		CE05981523E2B9F00092AA1D /* AppDelegate.swift in Sources */ = {isa = PBXBuildFile; fileRef = CE05981423E2B9F00092AA1D /* AppDelegate.swift */; };
		CE05981723E2B9F00092AA1D /* SceneDelegate.swift in Sources */ = {isa = PBXBuildFile; fileRef = CE05981623E2B9F00092AA1D /* SceneDelegate.swift */; };
		CE05981923E2B9F00092AA1D /* LoginScreenViewController.swift in Sources */ = {isa = PBXBuildFile; fileRef = CE05981823E2B9F00092AA1D /* LoginScreenViewController.swift */; };
		CE05981C23E2B9F00092AA1D /* Main.storyboard in Resources */ = {isa = PBXBuildFile; fileRef = CE05981A23E2B9F00092AA1D /* Main.storyboard */; };
		CE05981E23E2B9F20092AA1D /* Assets.xcassets in Resources */ = {isa = PBXBuildFile; fileRef = CE05981D23E2B9F20092AA1D /* Assets.xcassets */; };
		CE05982123E2B9F20092AA1D /* LaunchScreen.storyboard in Resources */ = {isa = PBXBuildFile; fileRef = CE05981F23E2B9F20092AA1D /* LaunchScreen.storyboard */; };
		CE05982E23E2BEB20092AA1D /* ScreenViewController.swift in Sources */ = {isa = PBXBuildFile; fileRef = CE05982D23E2BEB20092AA1D /* ScreenViewController.swift */; };
		CE05983123E2BF310092AA1D /* LoginLayoutController.swift in Sources */ = {isa = PBXBuildFile; fileRef = CE05983023E2BF310092AA1D /* LoginLayoutController.swift */; };
		CE05983323E2BF5D0092AA1D /* LoginLayoutViewController.swift in Sources */ = {isa = PBXBuildFile; fileRef = CE05983223E2BF5D0092AA1D /* LoginLayoutViewController.swift */; };
		CE05983623E2CC830092AA1D /* AuthManager.swift in Sources */ = {isa = PBXBuildFile; fileRef = CE05983523E2CC830092AA1D /* AuthManager.swift */; };
		CE05983A23E2CDAE0092AA1D /* DIContainer.swift in Sources */ = {isa = PBXBuildFile; fileRef = CE05983923E2CDAE0092AA1D /* DIContainer.swift */; };
		CE05983C23E2CDCA0092AA1D /* ManagersAssembly.swift in Sources */ = {isa = PBXBuildFile; fileRef = CE05983B23E2CDCA0092AA1D /* ManagersAssembly.swift */; };
		CE05983E23E2CDF10092AA1D /* ResolverInitializable.swift in Sources */ = {isa = PBXBuildFile; fileRef = CE05983D23E2CDF10092AA1D /* ResolverInitializable.swift */; };
		CE6C710223E2DBBA00619622 /* RequestBuilder.swift in Sources */ = {isa = PBXBuildFile; fileRef = CE6C710123E2DBBA00619622 /* RequestBuilder.swift */; };
		CE6C710423E2DC8500619622 /* AuthRequestBuilder.swift in Sources */ = {isa = PBXBuildFile; fileRef = CE6C710323E2DC8500619622 /* AuthRequestBuilder.swift */; };
		CE6C710823E2E4A400619622 /* DataManager.swift in Sources */ = {isa = PBXBuildFile; fileRef = CE6C710723E2E4A400619622 /* DataManager.swift */; };
		CE6C710B23E2E61100619622 /* Token.swift in Sources */ = {isa = PBXBuildFile; fileRef = CE6C710A23E2E61100619622 /* Token.swift */; };
		CE6C710D23E3007C00619622 /* TaskList.storyboard in Resources */ = {isa = PBXBuildFile; fileRef = CE6C710C23E3007C00619622 /* TaskList.storyboard */; };
		CE6C711023E3009700619622 /* TaskListScreenViewController.swift in Sources */ = {isa = PBXBuildFile; fileRef = CE6C710F23E3009700619622 /* TaskListScreenViewController.swift */; };
		CE6C711223E300D500619622 /* TaskListLayoutController.swift in Sources */ = {isa = PBXBuildFile; fileRef = CE6C711123E300D500619622 /* TaskListLayoutController.swift */; };
		CE6C711423E300EF00619622 /* TaskListLayoutViewController.swift in Sources */ = {isa = PBXBuildFile; fileRef = CE6C711323E300EF00619622 /* TaskListLayoutViewController.swift */; };
		CE6C711723E3044100619622 /* TaskListTableViewCell.swift in Sources */ = {isa = PBXBuildFile; fileRef = CE6C711623E3044100619622 /* TaskListTableViewCell.swift */; };
		CE6C711923E3053100619622 /* TaskManager.swift in Sources */ = {isa = PBXBuildFile; fileRef = CE6C711823E3053100619622 /* TaskManager.swift */; };
		CE6C711B23E305AD00619622 /* Task.swift in Sources */ = {isa = PBXBuildFile; fileRef = CE6C711A23E305AD00619622 /* Task.swift */; };
		CE6C711D23E3072C00619622 /* TaskRequestBuilder.swift in Sources */ = {isa = PBXBuildFile; fileRef = CE6C711C23E3072C00619622 /* TaskRequestBuilder.swift */; };
		CE6C712223E319B000619622 /* Task+RawData.swift in Sources */ = {isa = PBXBuildFile; fileRef = CE6C712123E319B000619622 /* Task+RawData.swift */; };
		CE6C712423E32A9700619622 /* UIView+Convenience.swift in Sources */ = {isa = PBXBuildFile; fileRef = CE6C712323E32A9700619622 /* UIView+Convenience.swift */; };
		CE6C712723E3358A00619622 /* TaskDetailScreenViewController.swift in Sources */ = {isa = PBXBuildFile; fileRef = CE6C712623E3358A00619622 /* TaskDetailScreenViewController.swift */; };
		CE6C712923E335A600619622 /* TaskDetailLayoutContoller.swift in Sources */ = {isa = PBXBuildFile; fileRef = CE6C712823E335A600619622 /* TaskDetailLayoutContoller.swift */; };
		CE6C712B23E335D000619622 /* TaskDetailLayoutViewContoller.swift in Sources */ = {isa = PBXBuildFile; fileRef = CE6C712A23E335D000619622 /* TaskDetailLayoutViewContoller.swift */; };
		CE6C712D23E3366F00619622 /* TaskDetails.storyboard in Resources */ = {isa = PBXBuildFile; fileRef = CE6C712C23E3366F00619622 /* TaskDetails.storyboard */; };
		CE6C713023E4390E00619622 /* EditTaskScreenViewController.swift in Sources */ = {isa = PBXBuildFile; fileRef = CE6C712F23E4390E00619622 /* EditTaskScreenViewController.swift */; };
		CE6C713223E439A300619622 /* EditTaskLayoutContoller.swift in Sources */ = {isa = PBXBuildFile; fileRef = CE6C713123E439A300619622 /* EditTaskLayoutContoller.swift */; };
		CE6C713423E43B0200619622 /* EditTaskLayoutViewContoller.swift in Sources */ = {isa = PBXBuildFile; fileRef = CE6C713323E43B0200619622 /* EditTaskLayoutViewContoller.swift */; };
		CE6C713623E43C4200619622 /* EditTask.storyboard in Resources */ = {isa = PBXBuildFile; fileRef = CE6C713523E43C4200619622 /* EditTask.storyboard */; };
		CE6C713823E449F100619622 /* DeviceInfo.swift in Sources */ = {isa = PBXBuildFile; fileRef = CE6C713723E449F100619622 /* DeviceInfo.swift */; };
		CE6C713C23E47EFA00619622 /* SortingOption.swift in Sources */ = {isa = PBXBuildFile; fileRef = CE6C713B23E47EFA00619622 /* SortingOption.swift */; };
		CEB96D8723E6FDA200D63123 /* NotificationManager.swift in Sources */ = {isa = PBXBuildFile; fileRef = CEB96D8623E6FDA200D63123 /* NotificationManager.swift */; };
		CEB96D8923E706D500D63123 /* LocalNotification.swift in Sources */ = {isa = PBXBuildFile; fileRef = CEB96D8823E706D500D63123 /* LocalNotification.swift */; };
		CEB96D8B23E7243700D63123 /* Reminders.storyboard in Resources */ = {isa = PBXBuildFile; fileRef = CEB96D8A23E7243700D63123 /* Reminders.storyboard */; };
		CEB96D8E23E7245600D63123 /* RemindersScreenViewController.swift in Sources */ = {isa = PBXBuildFile; fileRef = CEB96D8D23E7245600D63123 /* RemindersScreenViewController.swift */; };
		CEB96D9023E7247600D63123 /* RemindersLayoutContoller.swift in Sources */ = {isa = PBXBuildFile; fileRef = CEB96D8F23E7247600D63123 /* RemindersLayoutContoller.swift */; };
		CEB96D9223E7249D00D63123 /* RemindersLayoutViewContoller.swift in Sources */ = {isa = PBXBuildFile; fileRef = CEB96D9123E7249D00D63123 /* RemindersLayoutViewContoller.swift */; };
		CEB96D9423E726BE00D63123 /* RemindersTableViewCell.swift in Sources */ = {isa = PBXBuildFile; fileRef = CEB96D9323E726BE00D63123 /* RemindersTableViewCell.swift */; };
		CEB96D9623E7276400D63123 /* Reminder.swift in Sources */ = {isa = PBXBuildFile; fileRef = CEB96D9523E7276400D63123 /* Reminder.swift */; };
		CEC8E32D23E73CE300AB0E29 /* Date+Convenience.swift in Sources */ = {isa = PBXBuildFile; fileRef = CEC8E32C23E73CE300AB0E29 /* Date+Convenience.swift */; };
		CEC8E32F23E746A300AB0E29 /* Settings.bundle in Resources */ = {isa = PBXBuildFile; fileRef = CEC8E32E23E746A300AB0E29 /* Settings.bundle */; };
/* End PBXBuildFile section */

/* Begin PBXFileReference section */
		12CCCBB82AAD22789F36D515 /* Pods_DOITTaskManager.framework */ = {isa = PBXFileReference; explicitFileType = wrapper.framework; includeInIndex = 0; path = Pods_DOITTaskManager.framework; sourceTree = BUILT_PRODUCTS_DIR; };
		CE05981123E2B9F00092AA1D /* DOITTaskManager.app */ = {isa = PBXFileReference; explicitFileType = wrapper.application; includeInIndex = 0; path = DOITTaskManager.app; sourceTree = BUILT_PRODUCTS_DIR; };
		CE05981423E2B9F00092AA1D /* AppDelegate.swift */ = {isa = PBXFileReference; lastKnownFileType = sourcecode.swift; path = AppDelegate.swift; sourceTree = "<group>"; };
		CE05981623E2B9F00092AA1D /* SceneDelegate.swift */ = {isa = PBXFileReference; lastKnownFileType = sourcecode.swift; path = SceneDelegate.swift; sourceTree = "<group>"; };
		CE05981823E2B9F00092AA1D /* LoginScreenViewController.swift */ = {isa = PBXFileReference; lastKnownFileType = sourcecode.swift; path = LoginScreenViewController.swift; sourceTree = "<group>"; };
		CE05981B23E2B9F00092AA1D /* Base */ = {isa = PBXFileReference; lastKnownFileType = file.storyboard; name = Base; path = Base.lproj/Main.storyboard; sourceTree = "<group>"; };
		CE05981D23E2B9F20092AA1D /* Assets.xcassets */ = {isa = PBXFileReference; lastKnownFileType = folder.assetcatalog; path = Assets.xcassets; sourceTree = "<group>"; };
		CE05982023E2B9F20092AA1D /* Base */ = {isa = PBXFileReference; lastKnownFileType = file.storyboard; name = Base; path = Base.lproj/LaunchScreen.storyboard; sourceTree = "<group>"; };
		CE05982223E2B9F20092AA1D /* Info.plist */ = {isa = PBXFileReference; lastKnownFileType = text.plist.xml; path = Info.plist; sourceTree = "<group>"; };
		CE05982D23E2BEB20092AA1D /* ScreenViewController.swift */ = {isa = PBXFileReference; lastKnownFileType = sourcecode.swift; path = ScreenViewController.swift; sourceTree = "<group>"; };
		CE05983023E2BF310092AA1D /* LoginLayoutController.swift */ = {isa = PBXFileReference; lastKnownFileType = sourcecode.swift; path = LoginLayoutController.swift; sourceTree = "<group>"; };
		CE05983223E2BF5D0092AA1D /* LoginLayoutViewController.swift */ = {isa = PBXFileReference; lastKnownFileType = sourcecode.swift; path = LoginLayoutViewController.swift; sourceTree = "<group>"; };
		CE05983523E2CC830092AA1D /* AuthManager.swift */ = {isa = PBXFileReference; lastKnownFileType = sourcecode.swift; path = AuthManager.swift; sourceTree = "<group>"; };
		CE05983923E2CDAE0092AA1D /* DIContainer.swift */ = {isa = PBXFileReference; lastKnownFileType = sourcecode.swift; path = DIContainer.swift; sourceTree = "<group>"; };
		CE05983B23E2CDCA0092AA1D /* ManagersAssembly.swift */ = {isa = PBXFileReference; lastKnownFileType = sourcecode.swift; path = ManagersAssembly.swift; sourceTree = "<group>"; };
		CE05983D23E2CDF10092AA1D /* ResolverInitializable.swift */ = {isa = PBXFileReference; lastKnownFileType = sourcecode.swift; path = ResolverInitializable.swift; sourceTree = "<group>"; };
		CE6C710123E2DBBA00619622 /* RequestBuilder.swift */ = {isa = PBXFileReference; lastKnownFileType = sourcecode.swift; path = RequestBuilder.swift; sourceTree = "<group>"; };
		CE6C710323E2DC8500619622 /* AuthRequestBuilder.swift */ = {isa = PBXFileReference; lastKnownFileType = sourcecode.swift; path = AuthRequestBuilder.swift; sourceTree = "<group>"; };
		CE6C710723E2E4A400619622 /* DataManager.swift */ = {isa = PBXFileReference; lastKnownFileType = sourcecode.swift; path = DataManager.swift; sourceTree = "<group>"; };
		CE6C710A23E2E61100619622 /* Token.swift */ = {isa = PBXFileReference; lastKnownFileType = sourcecode.swift; path = Token.swift; sourceTree = "<group>"; };
		CE6C710C23E3007C00619622 /* TaskList.storyboard */ = {isa = PBXFileReference; lastKnownFileType = file.storyboard; path = TaskList.storyboard; sourceTree = "<group>"; };
		CE6C710F23E3009700619622 /* TaskListScreenViewController.swift */ = {isa = PBXFileReference; lastKnownFileType = sourcecode.swift; path = TaskListScreenViewController.swift; sourceTree = "<group>"; };
		CE6C711123E300D500619622 /* TaskListLayoutController.swift */ = {isa = PBXFileReference; lastKnownFileType = sourcecode.swift; path = TaskListLayoutController.swift; sourceTree = "<group>"; };
		CE6C711323E300EF00619622 /* TaskListLayoutViewController.swift */ = {isa = PBXFileReference; lastKnownFileType = sourcecode.swift; path = TaskListLayoutViewController.swift; sourceTree = "<group>"; };
		CE6C711623E3044100619622 /* TaskListTableViewCell.swift */ = {isa = PBXFileReference; lastKnownFileType = sourcecode.swift; path = TaskListTableViewCell.swift; sourceTree = "<group>"; };
		CE6C711823E3053100619622 /* TaskManager.swift */ = {isa = PBXFileReference; lastKnownFileType = sourcecode.swift; path = TaskManager.swift; sourceTree = "<group>"; };
		CE6C711A23E305AD00619622 /* Task.swift */ = {isa = PBXFileReference; lastKnownFileType = sourcecode.swift; path = Task.swift; sourceTree = "<group>"; };
		CE6C711C23E3072C00619622 /* TaskRequestBuilder.swift */ = {isa = PBXFileReference; lastKnownFileType = sourcecode.swift; path = TaskRequestBuilder.swift; sourceTree = "<group>"; };
		CE6C712123E319B000619622 /* Task+RawData.swift */ = {isa = PBXFileReference; lastKnownFileType = sourcecode.swift; path = "Task+RawData.swift"; sourceTree = "<group>"; };
		CE6C712323E32A9700619622 /* UIView+Convenience.swift */ = {isa = PBXFileReference; lastKnownFileType = sourcecode.swift; path = "UIView+Convenience.swift"; sourceTree = "<group>"; };
		CE6C712623E3358A00619622 /* TaskDetailScreenViewController.swift */ = {isa = PBXFileReference; lastKnownFileType = sourcecode.swift; path = TaskDetailScreenViewController.swift; sourceTree = "<group>"; };
		CE6C712823E335A600619622 /* TaskDetailLayoutContoller.swift */ = {isa = PBXFileReference; lastKnownFileType = sourcecode.swift; path = TaskDetailLayoutContoller.swift; sourceTree = "<group>"; };
		CE6C712A23E335D000619622 /* TaskDetailLayoutViewContoller.swift */ = {isa = PBXFileReference; lastKnownFileType = sourcecode.swift; path = TaskDetailLayoutViewContoller.swift; sourceTree = "<group>"; };
		CE6C712C23E3366F00619622 /* TaskDetails.storyboard */ = {isa = PBXFileReference; lastKnownFileType = file.storyboard; path = TaskDetails.storyboard; sourceTree = "<group>"; };
		CE6C712F23E4390E00619622 /* EditTaskScreenViewController.swift */ = {isa = PBXFileReference; lastKnownFileType = sourcecode.swift; path = EditTaskScreenViewController.swift; sourceTree = "<group>"; };
		CE6C713123E439A300619622 /* EditTaskLayoutContoller.swift */ = {isa = PBXFileReference; lastKnownFileType = sourcecode.swift; path = EditTaskLayoutContoller.swift; sourceTree = "<group>"; };
		CE6C713323E43B0200619622 /* EditTaskLayoutViewContoller.swift */ = {isa = PBXFileReference; lastKnownFileType = sourcecode.swift; path = EditTaskLayoutViewContoller.swift; sourceTree = "<group>"; };
		CE6C713523E43C4200619622 /* EditTask.storyboard */ = {isa = PBXFileReference; lastKnownFileType = file.storyboard; path = EditTask.storyboard; sourceTree = "<group>"; };
		CE6C713723E449F100619622 /* DeviceInfo.swift */ = {isa = PBXFileReference; lastKnownFileType = sourcecode.swift; path = DeviceInfo.swift; sourceTree = "<group>"; };
		CE6C713B23E47EFA00619622 /* SortingOption.swift */ = {isa = PBXFileReference; lastKnownFileType = sourcecode.swift; path = SortingOption.swift; sourceTree = "<group>"; };
		CEB96D8623E6FDA200D63123 /* NotificationManager.swift */ = {isa = PBXFileReference; lastKnownFileType = sourcecode.swift; path = NotificationManager.swift; sourceTree = "<group>"; };
		CEB96D8823E706D500D63123 /* LocalNotification.swift */ = {isa = PBXFileReference; lastKnownFileType = sourcecode.swift; path = LocalNotification.swift; sourceTree = "<group>"; };
		CEB96D8A23E7243700D63123 /* Reminders.storyboard */ = {isa = PBXFileReference; lastKnownFileType = file.storyboard; path = Reminders.storyboard; sourceTree = "<group>"; };
		CEB96D8D23E7245600D63123 /* RemindersScreenViewController.swift */ = {isa = PBXFileReference; lastKnownFileType = sourcecode.swift; path = RemindersScreenViewController.swift; sourceTree = "<group>"; };
		CEB96D8F23E7247600D63123 /* RemindersLayoutContoller.swift */ = {isa = PBXFileReference; lastKnownFileType = sourcecode.swift; path = RemindersLayoutContoller.swift; sourceTree = "<group>"; };
		CEB96D9123E7249D00D63123 /* RemindersLayoutViewContoller.swift */ = {isa = PBXFileReference; lastKnownFileType = sourcecode.swift; path = RemindersLayoutViewContoller.swift; sourceTree = "<group>"; };
		CEB96D9323E726BE00D63123 /* RemindersTableViewCell.swift */ = {isa = PBXFileReference; lastKnownFileType = sourcecode.swift; path = RemindersTableViewCell.swift; sourceTree = "<group>"; };
		CEB96D9523E7276400D63123 /* Reminder.swift */ = {isa = PBXFileReference; lastKnownFileType = sourcecode.swift; path = Reminder.swift; sourceTree = "<group>"; };
		CEC8E32C23E73CE300AB0E29 /* Date+Convenience.swift */ = {isa = PBXFileReference; lastKnownFileType = sourcecode.swift; path = "Date+Convenience.swift"; sourceTree = "<group>"; };
		CEC8E32E23E746A300AB0E29 /* Settings.bundle */ = {isa = PBXFileReference; lastKnownFileType = "wrapper.plug-in"; path = Settings.bundle; sourceTree = "<group>"; };
		D3A615F76E1966EC5B59E22D /* Pods-DOITTaskManager.debug.xcconfig */ = {isa = PBXFileReference; includeInIndex = 1; lastKnownFileType = text.xcconfig; name = "Pods-DOITTaskManager.debug.xcconfig"; path = "Target Support Files/Pods-DOITTaskManager/Pods-DOITTaskManager.debug.xcconfig"; sourceTree = "<group>"; };
		EFB907C01192568DAA5AEFFA /* Pods-DOITTaskManager.release.xcconfig */ = {isa = PBXFileReference; includeInIndex = 1; lastKnownFileType = text.xcconfig; name = "Pods-DOITTaskManager.release.xcconfig"; path = "Target Support Files/Pods-DOITTaskManager/Pods-DOITTaskManager.release.xcconfig"; sourceTree = "<group>"; };
/* End PBXFileReference section */

/* Begin PBXFrameworksBuildPhase section */
		CE05980E23E2B9F00092AA1D /* Frameworks */ = {
			isa = PBXFrameworksBuildPhase;
			buildActionMask = 2147483647;
			files = (
				8EB8610C8E5468E39CDE8CE9 /* Pods_DOITTaskManager.framework in Frameworks */,
			);
			runOnlyForDeploymentPostprocessing = 0;
		};
/* End PBXFrameworksBuildPhase section */

/* Begin PBXGroup section */
		07C29E96AA6B7CF0186E74B1 /* Frameworks */ = {
			isa = PBXGroup;
			children = (
				12CCCBB82AAD22789F36D515 /* Pods_DOITTaskManager.framework */,
			);
			name = Frameworks;
			sourceTree = "<group>";
		};
		CE05980823E2B9F00092AA1D = {
			isa = PBXGroup;
			children = (
				CE05981323E2B9F00092AA1D /* DOITTaskManager */,
				CE05981223E2B9F00092AA1D /* Products */,
				E61E92E5458A42512A0A98D6 /* Pods */,
				07C29E96AA6B7CF0186E74B1 /* Frameworks */,
			);
			sourceTree = "<group>";
		};
		CE05981223E2B9F00092AA1D /* Products */ = {
			isa = PBXGroup;
			children = (
				CE05981123E2B9F00092AA1D /* DOITTaskManager.app */,
			);
			name = Products;
			sourceTree = "<group>";
		};
		CE05981323E2B9F00092AA1D /* DOITTaskManager */ = {
			isa = PBXGroup;
			children = (
				CE05982B23E2BDA30092AA1D /* Resources */,
				CE05982A23E2BD940092AA1D /* Views */,
				CE05982923E2BD830092AA1D /* ViewControllers */,
				CE05982823E2BD7A0092AA1D /* Model */,
				CE05981423E2B9F00092AA1D /* AppDelegate.swift */,
				CE05981623E2B9F00092AA1D /* SceneDelegate.swift */,
			);
			path = DOITTaskManager;
			sourceTree = "<group>";
		};
		CE05982823E2BD7A0092AA1D /* Model */ = {
			isa = PBXGroup;
			children = (
				CE6C712023E3199E00619622 /* Extensions */,
				CE6C710923E2E60600619622 /* BO */,
				CE6C710623E2E48800619622 /* Request builders */,
				CE6C710523E2E47900619622 /* Managers */,
				CE05983823E2CDA70092AA1D /* DI */,
			);
			path = Model;
			sourceTree = "<group>";
		};
		CE05982923E2BD830092AA1D /* ViewControllers */ = {
			isa = PBXGroup;
			children = (
				CEB96D8C23E7244200D63123 /* Reminders */,
				CE6C712E23E438E400619622 /* Edit task */,
				CE6C712523E3357000619622 /* Task details */,
				CE6C710E23E3008400619622 /* Task list */,
				CE05982F23E2BF230092AA1D /* Login */,
				CE05982D23E2BEB20092AA1D /* ScreenViewController.swift */,
			);
			path = ViewControllers;
			sourceTree = "<group>";
		};
		CE05982A23E2BD940092AA1D /* Views */ = {
			isa = PBXGroup;
			children = (
				CE6C711523E3042E00619622 /* Cells */,
				CE05982C23E2BE2F0092AA1D /* Storyboards */,
			);
			path = Views;
			sourceTree = "<group>";
		};
		CE05982B23E2BDA30092AA1D /* Resources */ = {
			isa = PBXGroup;
			children = (
				CE05982223E2B9F20092AA1D /* Info.plist */,
				CE05981D23E2B9F20092AA1D /* Assets.xcassets */,
				CEC8E32E23E746A300AB0E29 /* Settings.bundle */,
			);
			path = Resources;
			sourceTree = "<group>";
		};
		CE05982C23E2BE2F0092AA1D /* Storyboards */ = {
			isa = PBXGroup;
			children = (
				CE05981A23E2B9F00092AA1D /* Main.storyboard */,
				CE05981F23E2B9F20092AA1D /* LaunchScreen.storyboard */,
				CE6C710C23E3007C00619622 /* TaskList.storyboard */,
				CE6C712C23E3366F00619622 /* TaskDetails.storyboard */,
				CE6C713523E43C4200619622 /* EditTask.storyboard */,
				CEB96D8A23E7243700D63123 /* Reminders.storyboard */,
			);
			path = Storyboards;
			sourceTree = "<group>";
		};
		CE05982F23E2BF230092AA1D /* Login */ = {
			isa = PBXGroup;
			children = (
				CE05981823E2B9F00092AA1D /* LoginScreenViewController.swift */,
				CE05983023E2BF310092AA1D /* LoginLayoutController.swift */,
				CE05983223E2BF5D0092AA1D /* LoginLayoutViewController.swift */,
			);
			path = Login;
			sourceTree = "<group>";
		};
		CE05983823E2CDA70092AA1D /* DI */ = {
			isa = PBXGroup;
			children = (
				CE05983923E2CDAE0092AA1D /* DIContainer.swift */,
				CE05983B23E2CDCA0092AA1D /* ManagersAssembly.swift */,
				CE05983D23E2CDF10092AA1D /* ResolverInitializable.swift */,
			);
			path = DI;
			sourceTree = "<group>";
		};
		CE6C710523E2E47900619622 /* Managers */ = {
			isa = PBXGroup;
			children = (
				CE6C710723E2E4A400619622 /* DataManager.swift */,
				CE05983523E2CC830092AA1D /* AuthManager.swift */,
				CE6C711823E3053100619622 /* TaskManager.swift */,
				CEB96D8623E6FDA200D63123 /* NotificationManager.swift */,
			);
			path = Managers;
			sourceTree = "<group>";
		};
		CE6C710623E2E48800619622 /* Request builders */ = {
			isa = PBXGroup;
			children = (
				CE6C710123E2DBBA00619622 /* RequestBuilder.swift */,
				CE6C710323E2DC8500619622 /* AuthRequestBuilder.swift */,
				CE6C711C23E3072C00619622 /* TaskRequestBuilder.swift */,
			);
			path = "Request builders";
			sourceTree = "<group>";
		};
		CE6C710923E2E60600619622 /* BO */ = {
			isa = PBXGroup;
			children = (
				CE6C713B23E47EFA00619622 /* SortingOption.swift */,
				CE6C710A23E2E61100619622 /* Token.swift */,
				CE6C711A23E305AD00619622 /* Task.swift */,
				CE6C713723E449F100619622 /* DeviceInfo.swift */,
				CEB96D8823E706D500D63123 /* LocalNotification.swift */,
				CEB96D9523E7276400D63123 /* Reminder.swift */,
			);
			path = BO;
			sourceTree = "<group>";
		};
		CE6C710E23E3008400619622 /* Task list */ = {
			isa = PBXGroup;
			children = (
				CE6C710F23E3009700619622 /* TaskListScreenViewController.swift */,
				CE6C711123E300D500619622 /* TaskListLayoutController.swift */,
				CE6C711323E300EF00619622 /* TaskListLayoutViewController.swift */,
			);
			path = "Task list";
			sourceTree = "<group>";
		};
		CE6C711523E3042E00619622 /* Cells */ = {
			isa = PBXGroup;
			children = (
				CE6C711623E3044100619622 /* TaskListTableViewCell.swift */,
				CEB96D9323E726BE00D63123 /* RemindersTableViewCell.swift */,
			);
			path = Cells;
			sourceTree = "<group>";
		};
		CE6C712023E3199E00619622 /* Extensions */ = {
			isa = PBXGroup;
			children = (
				CE6C712123E319B000619622 /* Task+RawData.swift */,
				CE6C712323E32A9700619622 /* UIView+Convenience.swift */,
				CEC8E32C23E73CE300AB0E29 /* Date+Convenience.swift */,
			);
			path = Extensions;
			sourceTree = "<group>";
		};
		CE6C712523E3357000619622 /* Task details */ = {
			isa = PBXGroup;
			children = (
				CE6C712623E3358A00619622 /* TaskDetailScreenViewController.swift */,
				CE6C712823E335A600619622 /* TaskDetailLayoutContoller.swift */,
				CE6C712A23E335D000619622 /* TaskDetailLayoutViewContoller.swift */,
			);
			path = "Task details";
			sourceTree = "<group>";
		};
		CE6C712E23E438E400619622 /* Edit task */ = {
			isa = PBXGroup;
			children = (
				CE6C712F23E4390E00619622 /* EditTaskScreenViewController.swift */,
				CE6C713123E439A300619622 /* EditTaskLayoutContoller.swift */,
				CE6C713323E43B0200619622 /* EditTaskLayoutViewContoller.swift */,
			);
			path = "Edit task";
			sourceTree = "<group>";
		};
		CEB96D8C23E7244200D63123 /* Reminders */ = {
			isa = PBXGroup;
			children = (
				CEB96D8D23E7245600D63123 /* RemindersScreenViewController.swift */,
				CEB96D8F23E7247600D63123 /* RemindersLayoutContoller.swift */,
				CEB96D9123E7249D00D63123 /* RemindersLayoutViewContoller.swift */,
			);
			path = Reminders;
			sourceTree = "<group>";
		};
		E61E92E5458A42512A0A98D6 /* Pods */ = {
			isa = PBXGroup;
			children = (
				D3A615F76E1966EC5B59E22D /* Pods-DOITTaskManager.debug.xcconfig */,
				EFB907C01192568DAA5AEFFA /* Pods-DOITTaskManager.release.xcconfig */,
			);
			path = Pods;
			sourceTree = "<group>";
		};
/* End PBXGroup section */

/* Begin PBXNativeTarget section */
		CE05981023E2B9F00092AA1D /* DOITTaskManager */ = {
			isa = PBXNativeTarget;
			buildConfigurationList = CE05982523E2B9F20092AA1D /* Build configuration list for PBXNativeTarget "DOITTaskManager" */;
			buildPhases = (
				9B4E4B9A1B497F491B4B89B4 /* [CP] Check Pods Manifest.lock */,
				CE05980D23E2B9F00092AA1D /* Sources */,
				CE05980E23E2B9F00092AA1D /* Frameworks */,
				CE05980F23E2B9F00092AA1D /* Resources */,
				387B8B65B0FB3227C75016A5 /* [CP] Embed Pods Frameworks */,
			);
			buildRules = (
			);
			dependencies = (
			);
			name = DOITTaskManager;
			productName = DOITTaskManager;
			productReference = CE05981123E2B9F00092AA1D /* DOITTaskManager.app */;
			productType = "com.apple.product-type.application";
		};
/* End PBXNativeTarget section */

/* Begin PBXProject section */
		CE05980923E2B9F00092AA1D /* Project object */ = {
			isa = PBXProject;
			attributes = {
				LastSwiftUpdateCheck = 1130;
				LastUpgradeCheck = 1130;
				ORGANIZATIONNAME = nikolay.mihailishin;
				TargetAttributes = {
					CE05981023E2B9F00092AA1D = {
						CreatedOnToolsVersion = 11.3;
					};
				};
			};
			buildConfigurationList = CE05980C23E2B9F00092AA1D /* Build configuration list for PBXProject "DOITTaskManager" */;
			compatibilityVersion = "Xcode 9.3";
			developmentRegion = en;
			hasScannedForEncodings = 0;
			knownRegions = (
				en,
				Base,
			);
			mainGroup = CE05980823E2B9F00092AA1D;
			productRefGroup = CE05981223E2B9F00092AA1D /* Products */;
			projectDirPath = "";
			projectRoot = "";
			targets = (
				CE05981023E2B9F00092AA1D /* DOITTaskManager */,
			);
		};
/* End PBXProject section */

/* Begin PBXResourcesBuildPhase section */
		CE05980F23E2B9F00092AA1D /* Resources */ = {
			isa = PBXResourcesBuildPhase;
			buildActionMask = 2147483647;
			files = (
				CEC8E32F23E746A300AB0E29 /* Settings.bundle in Resources */,
				CE05982123E2B9F20092AA1D /* LaunchScreen.storyboard in Resources */,
				CE6C710D23E3007C00619622 /* TaskList.storyboard in Resources */,
				CE05981E23E2B9F20092AA1D /* Assets.xcassets in Resources */,
				CEB96D8B23E7243700D63123 /* Reminders.storyboard in Resources */,
				CE6C713623E43C4200619622 /* EditTask.storyboard in Resources */,
				CE6C712D23E3366F00619622 /* TaskDetails.storyboard in Resources */,
				CE05981C23E2B9F00092AA1D /* Main.storyboard in Resources */,
			);
			runOnlyForDeploymentPostprocessing = 0;
		};
/* End PBXResourcesBuildPhase section */

/* Begin PBXShellScriptBuildPhase section */
		387B8B65B0FB3227C75016A5 /* [CP] Embed Pods Frameworks */ = {
			isa = PBXShellScriptBuildPhase;
			buildActionMask = 2147483647;
			files = (
			);
			inputFileListPaths = (
				"${PODS_ROOT}/Target Support Files/Pods-DOITTaskManager/Pods-DOITTaskManager-frameworks-${CONFIGURATION}-input-files.xcfilelist",
			);
			name = "[CP] Embed Pods Frameworks";
			outputFileListPaths = (
				"${PODS_ROOT}/Target Support Files/Pods-DOITTaskManager/Pods-DOITTaskManager-frameworks-${CONFIGURATION}-output-files.xcfilelist",
			);
			runOnlyForDeploymentPostprocessing = 0;
			shellPath = /bin/sh;
			shellScript = "\"${PODS_ROOT}/Target Support Files/Pods-DOITTaskManager/Pods-DOITTaskManager-frameworks.sh\"\n";
			showEnvVarsInLog = 0;
		};
		9B4E4B9A1B497F491B4B89B4 /* [CP] Check Pods Manifest.lock */ = {
			isa = PBXShellScriptBuildPhase;
			buildActionMask = 2147483647;
			files = (
			);
			inputFileListPaths = (
			);
			inputPaths = (
				"${PODS_PODFILE_DIR_PATH}/Podfile.lock",
				"${PODS_ROOT}/Manifest.lock",
			);
			name = "[CP] Check Pods Manifest.lock";
			outputFileListPaths = (
			);
			outputPaths = (
				"$(DERIVED_FILE_DIR)/Pods-DOITTaskManager-checkManifestLockResult.txt",
			);
			runOnlyForDeploymentPostprocessing = 0;
			shellPath = /bin/sh;
			shellScript = "diff \"${PODS_PODFILE_DIR_PATH}/Podfile.lock\" \"${PODS_ROOT}/Manifest.lock\" > /dev/null\nif [ $? != 0 ] ; then\n    # print error to STDERR\n    echo \"error: The sandbox is not in sync with the Podfile.lock. Run 'pod install' or update your CocoaPods installation.\" >&2\n    exit 1\nfi\n# This output is used by Xcode 'outputs' to avoid re-running this script phase.\necho \"SUCCESS\" > \"${SCRIPT_OUTPUT_FILE_0}\"\n";
			showEnvVarsInLog = 0;
		};
/* End PBXShellScriptBuildPhase section */

/* Begin PBXSourcesBuildPhase section */
		CE05980D23E2B9F00092AA1D /* Sources */ = {
			isa = PBXSourcesBuildPhase;
			buildActionMask = 2147483647;
			files = (
				CE05982E23E2BEB20092AA1D /* ScreenViewController.swift in Sources */,
				CEB96D9223E7249D00D63123 /* RemindersLayoutViewContoller.swift in Sources */,
				CE6C712223E319B000619622 /* Task+RawData.swift in Sources */,
				CE6C710B23E2E61100619622 /* Token.swift in Sources */,
				CE6C710423E2DC8500619622 /* AuthRequestBuilder.swift in Sources */,
				CE05983623E2CC830092AA1D /* AuthManager.swift in Sources */,
				CE6C713223E439A300619622 /* EditTaskLayoutContoller.swift in Sources */,
				CE05983123E2BF310092AA1D /* LoginLayoutController.swift in Sources */,
				CE05983323E2BF5D0092AA1D /* LoginLayoutViewController.swift in Sources */,
				CE05983C23E2CDCA0092AA1D /* ManagersAssembly.swift in Sources */,
				CE05983E23E2CDF10092AA1D /* ResolverInitializable.swift in Sources */,
				CEB96D9423E726BE00D63123 /* RemindersTableViewCell.swift in Sources */,
				CE6C712B23E335D000619622 /* TaskDetailLayoutViewContoller.swift in Sources */,
				CE05983A23E2CDAE0092AA1D /* DIContainer.swift in Sources */,
				CE6C713023E4390E00619622 /* EditTaskScreenViewController.swift in Sources */,
				CE6C710223E2DBBA00619622 /* RequestBuilder.swift in Sources */,
				CE6C711223E300D500619622 /* TaskListLayoutController.swift in Sources */,
				CEB96D9623E7276400D63123 /* Reminder.swift in Sources */,
				CE6C711923E3053100619622 /* TaskManager.swift in Sources */,
				CE6C712923E335A600619622 /* TaskDetailLayoutContoller.swift in Sources */,
				CEB96D9023E7247600D63123 /* RemindersLayoutContoller.swift in Sources */,
				CE6C711B23E305AD00619622 /* Task.swift in Sources */,
				CE6C712423E32A9700619622 /* UIView+Convenience.swift in Sources */,
				CE6C713823E449F100619622 /* DeviceInfo.swift in Sources */,
				CEB96D8923E706D500D63123 /* LocalNotification.swift in Sources */,
				CE6C711023E3009700619622 /* TaskListScreenViewController.swift in Sources */,
				CE6C711D23E3072C00619622 /* TaskRequestBuilder.swift in Sources */,
				CEB96D8723E6FDA200D63123 /* NotificationManager.swift in Sources */,
				CEC8E32D23E73CE300AB0E29 /* Date+Convenience.swift in Sources */,
				CE05981923E2B9F00092AA1D /* LoginScreenViewController.swift in Sources */,
				CE05981523E2B9F00092AA1D /* AppDelegate.swift in Sources */,
				CE6C711423E300EF00619622 /* TaskListLayoutViewController.swift in Sources */,
				CE6C712723E3358A00619622 /* TaskDetailScreenViewController.swift in Sources */,
				CEB96D8E23E7245600D63123 /* RemindersScreenViewController.swift in Sources */,
				CE6C710823E2E4A400619622 /* DataManager.swift in Sources */,
				CE6C713423E43B0200619622 /* EditTaskLayoutViewContoller.swift in Sources */,
				CE05981723E2B9F00092AA1D /* SceneDelegate.swift in Sources */,
				CE6C713C23E47EFA00619622 /* SortingOption.swift in Sources */,
				CE6C711723E3044100619622 /* TaskListTableViewCell.swift in Sources */,
			);
			runOnlyForDeploymentPostprocessing = 0;
		};
/* End PBXSourcesBuildPhase section */

/* Begin PBXVariantGroup section */
		CE05981A23E2B9F00092AA1D /* Main.storyboard */ = {
			isa = PBXVariantGroup;
			children = (
				CE05981B23E2B9F00092AA1D /* Base */,
			);
			name = Main.storyboard;
			sourceTree = "<group>";
		};
		CE05981F23E2B9F20092AA1D /* LaunchScreen.storyboard */ = {
			isa = PBXVariantGroup;
			children = (
				CE05982023E2B9F20092AA1D /* Base */,
			);
			name = LaunchScreen.storyboard;
			sourceTree = "<group>";
		};
/* End PBXVariantGroup section */

/* Begin XCBuildConfiguration section */
		CE05982323E2B9F20092AA1D /* Debug */ = {
			isa = XCBuildConfiguration;
			buildSettings = {
				ALWAYS_SEARCH_USER_PATHS = NO;
				CLANG_ANALYZER_NONNULL = YES;
				CLANG_ANALYZER_NUMBER_OBJECT_CONVERSION = YES_AGGRESSIVE;
				CLANG_CXX_LANGUAGE_STANDARD = "gnu++14";
				CLANG_CXX_LIBRARY = "libc++";
				CLANG_ENABLE_MODULES = YES;
				CLANG_ENABLE_OBJC_ARC = YES;
				CLANG_ENABLE_OBJC_WEAK = YES;
				CLANG_WARN_BLOCK_CAPTURE_AUTORELEASING = YES;
				CLANG_WARN_BOOL_CONVERSION = YES;
				CLANG_WARN_COMMA = YES;
				CLANG_WARN_CONSTANT_CONVERSION = YES;
				CLANG_WARN_DEPRECATED_OBJC_IMPLEMENTATIONS = YES;
				CLANG_WARN_DIRECT_OBJC_ISA_USAGE = YES_ERROR;
				CLANG_WARN_DOCUMENTATION_COMMENTS = YES;
				CLANG_WARN_EMPTY_BODY = YES;
				CLANG_WARN_ENUM_CONVERSION = YES;
				CLANG_WARN_INFINITE_RECURSION = YES;
				CLANG_WARN_INT_CONVERSION = YES;
				CLANG_WARN_NON_LITERAL_NULL_CONVERSION = YES;
				CLANG_WARN_OBJC_IMPLICIT_RETAIN_SELF = YES;
				CLANG_WARN_OBJC_LITERAL_CONVERSION = YES;
				CLANG_WARN_OBJC_ROOT_CLASS = YES_ERROR;
				CLANG_WARN_RANGE_LOOP_ANALYSIS = YES;
				CLANG_WARN_STRICT_PROTOTYPES = YES;
				CLANG_WARN_SUSPICIOUS_MOVE = YES;
				CLANG_WARN_UNGUARDED_AVAILABILITY = YES_AGGRESSIVE;
				CLANG_WARN_UNREACHABLE_CODE = YES;
				CLANG_WARN__DUPLICATE_METHOD_MATCH = YES;
				COPY_PHASE_STRIP = NO;
				DEBUG_INFORMATION_FORMAT = dwarf;
				ENABLE_STRICT_OBJC_MSGSEND = YES;
				ENABLE_TESTABILITY = YES;
				GCC_C_LANGUAGE_STANDARD = gnu11;
				GCC_DYNAMIC_NO_PIC = NO;
				GCC_NO_COMMON_BLOCKS = YES;
				GCC_OPTIMIZATION_LEVEL = 0;
				GCC_PREPROCESSOR_DEFINITIONS = (
					"DEBUG=1",
					"$(inherited)",
				);
				GCC_WARN_64_TO_32_BIT_CONVERSION = YES;
				GCC_WARN_ABOUT_RETURN_TYPE = YES_ERROR;
				GCC_WARN_UNDECLARED_SELECTOR = YES;
				GCC_WARN_UNINITIALIZED_AUTOS = YES_AGGRESSIVE;
				GCC_WARN_UNUSED_FUNCTION = YES;
				GCC_WARN_UNUSED_VARIABLE = YES;
				IPHONEOS_DEPLOYMENT_TARGET = 13.2;
				MTL_ENABLE_DEBUG_INFO = INCLUDE_SOURCE;
				MTL_FAST_MATH = YES;
				ONLY_ACTIVE_ARCH = YES;
				SDKROOT = iphoneos;
				SWIFT_ACTIVE_COMPILATION_CONDITIONS = DEBUG;
				SWIFT_OPTIMIZATION_LEVEL = "-Onone";
			};
			name = Debug;
		};
		CE05982423E2B9F20092AA1D /* Release */ = {
			isa = XCBuildConfiguration;
			buildSettings = {
				ALWAYS_SEARCH_USER_PATHS = NO;
				CLANG_ANALYZER_NONNULL = YES;
				CLANG_ANALYZER_NUMBER_OBJECT_CONVERSION = YES_AGGRESSIVE;
				CLANG_CXX_LANGUAGE_STANDARD = "gnu++14";
				CLANG_CXX_LIBRARY = "libc++";
				CLANG_ENABLE_MODULES = YES;
				CLANG_ENABLE_OBJC_ARC = YES;
				CLANG_ENABLE_OBJC_WEAK = YES;
				CLANG_WARN_BLOCK_CAPTURE_AUTORELEASING = YES;
				CLANG_WARN_BOOL_CONVERSION = YES;
				CLANG_WARN_COMMA = YES;
				CLANG_WARN_CONSTANT_CONVERSION = YES;
				CLANG_WARN_DEPRECATED_OBJC_IMPLEMENTATIONS = YES;
				CLANG_WARN_DIRECT_OBJC_ISA_USAGE = YES_ERROR;
				CLANG_WARN_DOCUMENTATION_COMMENTS = YES;
				CLANG_WARN_EMPTY_BODY = YES;
				CLANG_WARN_ENUM_CONVERSION = YES;
				CLANG_WARN_INFINITE_RECURSION = YES;
				CLANG_WARN_INT_CONVERSION = YES;
				CLANG_WARN_NON_LITERAL_NULL_CONVERSION = YES;
				CLANG_WARN_OBJC_IMPLICIT_RETAIN_SELF = YES;
				CLANG_WARN_OBJC_LITERAL_CONVERSION = YES;
				CLANG_WARN_OBJC_ROOT_CLASS = YES_ERROR;
				CLANG_WARN_RANGE_LOOP_ANALYSIS = YES;
				CLANG_WARN_STRICT_PROTOTYPES = YES;
				CLANG_WARN_SUSPICIOUS_MOVE = YES;
				CLANG_WARN_UNGUARDED_AVAILABILITY = YES_AGGRESSIVE;
				CLANG_WARN_UNREACHABLE_CODE = YES;
				CLANG_WARN__DUPLICATE_METHOD_MATCH = YES;
				COPY_PHASE_STRIP = NO;
				DEBUG_INFORMATION_FORMAT = "dwarf-with-dsym";
				ENABLE_NS_ASSERTIONS = NO;
				ENABLE_STRICT_OBJC_MSGSEND = YES;
				GCC_C_LANGUAGE_STANDARD = gnu11;
				GCC_NO_COMMON_BLOCKS = YES;
				GCC_WARN_64_TO_32_BIT_CONVERSION = YES;
				GCC_WARN_ABOUT_RETURN_TYPE = YES_ERROR;
				GCC_WARN_UNDECLARED_SELECTOR = YES;
				GCC_WARN_UNINITIALIZED_AUTOS = YES_AGGRESSIVE;
				GCC_WARN_UNUSED_FUNCTION = YES;
				GCC_WARN_UNUSED_VARIABLE = YES;
				IPHONEOS_DEPLOYMENT_TARGET = 13.2;
				MTL_ENABLE_DEBUG_INFO = NO;
				MTL_FAST_MATH = YES;
				SDKROOT = iphoneos;
				SWIFT_COMPILATION_MODE = wholemodule;
				SWIFT_OPTIMIZATION_LEVEL = "-O";
				VALIDATE_PRODUCT = YES;
			};
			name = Release;
		};
		CE05982623E2B9F20092AA1D /* Debug */ = {
			isa = XCBuildConfiguration;
			baseConfigurationReference = D3A615F76E1966EC5B59E22D /* Pods-DOITTaskManager.debug.xcconfig */;
			buildSettings = {
				ASSETCATALOG_COMPILER_APPICON_NAME = AppIcon;
				CODE_SIGN_STYLE = Automatic;
				DEVELOPMENT_TEAM = H64Q29NA74;
				INFOPLIST_FILE = DOITTaskManager/Resources/Info.plist;
				LD_RUNPATH_SEARCH_PATHS = (
					"$(inherited)",
					"@executable_path/Frameworks",
				);
				PRODUCT_BUNDLE_IDENTIFIER = shelupon.DOITTaskManager;
				PRODUCT_NAME = "$(TARGET_NAME)";
				SWIFT_VERSION = 5.0;
				TARGETED_DEVICE_FAMILY = "1,2";
			};
			name = Debug;
		};
		CE05982723E2B9F20092AA1D /* Release */ = {
			isa = XCBuildConfiguration;
			baseConfigurationReference = EFB907C01192568DAA5AEFFA /* Pods-DOITTaskManager.release.xcconfig */;
			buildSettings = {
				ASSETCATALOG_COMPILER_APPICON_NAME = AppIcon;
				CODE_SIGN_STYLE = Automatic;
				DEVELOPMENT_TEAM = H64Q29NA74;
				INFOPLIST_FILE = DOITTaskManager/Resources/Info.plist;
				LD_RUNPATH_SEARCH_PATHS = (
					"$(inherited)",
					"@executable_path/Frameworks",
				);
				PRODUCT_BUNDLE_IDENTIFIER = shelupon.DOITTaskManager;
				PRODUCT_NAME = "$(TARGET_NAME)";
				SWIFT_VERSION = 5.0;
				TARGETED_DEVICE_FAMILY = "1,2";
			};
			name = Release;
		};
/* End XCBuildConfiguration section */

/* Begin XCConfigurationList section */
		CE05980C23E2B9F00092AA1D /* Build configuration list for PBXProject "DOITTaskManager" */ = {
			isa = XCConfigurationList;
			buildConfigurations = (
				CE05982323E2B9F20092AA1D /* Debug */,
				CE05982423E2B9F20092AA1D /* Release */,
			);
			defaultConfigurationIsVisible = 0;
			defaultConfigurationName = Release;
		};
		CE05982523E2B9F20092AA1D /* Build configuration list for PBXNativeTarget "DOITTaskManager" */ = {
			isa = XCConfigurationList;
			buildConfigurations = (
				CE05982623E2B9F20092AA1D /* Debug */,
				CE05982723E2B9F20092AA1D /* Release */,
			);
			defaultConfigurationIsVisible = 0;
			defaultConfigurationName = Release;
		};
/* End XCConfigurationList section */
	};
	rootObject = CE05980923E2B9F00092AA1D /* Project object */;
}
